// !$*UTF8*$!
{
	archiveVersion = 1;
	classes = {
	};
	objectVersion = 52;
	objects = {

/* Begin PBXBuildFile section */
		EA8BCD5B26559C8900B9EBCD /* InstrumentsMLApp.swift in Sources */ = {isa = PBXBuildFile; fileRef = EA8BCD5A26559C8900B9EBCD /* InstrumentsMLApp.swift */; };
		EA8BCD5D26559C8900B9EBCD /* ContentView.swift in Sources */ = {isa = PBXBuildFile; fileRef = EA8BCD5C26559C8900B9EBCD /* ContentView.swift */; };
		EA8BCD5F26559C8900B9EBCD /* Assets.xcassets in Resources */ = {isa = PBXBuildFile; fileRef = EA8BCD5E26559C8900B9EBCD /* Assets.xcassets */; };
		EA8BCD6226559C8900B9EBCD /* Preview Assets.xcassets in Resources */ = {isa = PBXBuildFile; fileRef = EA8BCD6126559C8900B9EBCD /* Preview Assets.xcassets */; };
		EA8BCD6D26559C8A00B9EBCD /* InstrumentsMLTests.swift in Sources */ = {isa = PBXBuildFile; fileRef = EA8BCD6C26559C8A00B9EBCD /* InstrumentsMLTests.swift */; };
		EA8BCD7826559C8A00B9EBCD /* InstrumentsMLUITests.swift in Sources */ = {isa = PBXBuildFile; fileRef = EA8BCD7726559C8A00B9EBCD /* InstrumentsMLUITests.swift */; };
		EA8BCD872657091A00B9EBCD /* ImagePickerView in Frameworks */ = {isa = PBXBuildFile; productRef = EA8BCD862657091A00B9EBCD /* ImagePickerView */; };
/* End PBXBuildFile section */

/* Begin PBXContainerItemProxy section */
		EA8BCD6926559C8A00B9EBCD /* PBXContainerItemProxy */ = {
			isa = PBXContainerItemProxy;
			containerPortal = EA8BCD4F26559C8900B9EBCD /* Project object */;
			proxyType = 1;
			remoteGlobalIDString = EA8BCD5626559C8900B9EBCD;
			remoteInfo = InstrumentsML;
		};
		EA8BCD7426559C8A00B9EBCD /* PBXContainerItemProxy */ = {
			isa = PBXContainerItemProxy;
			containerPortal = EA8BCD4F26559C8900B9EBCD /* Project object */;
			proxyType = 1;
			remoteGlobalIDString = EA8BCD5626559C8900B9EBCD;
			remoteInfo = InstrumentsML;
		};
/* End PBXContainerItemProxy section */

/* Begin PBXFileReference section */
		EA8BCD5726559C8900B9EBCD /* InstrumentsML.app */ = {isa = PBXFileReference; explicitFileType = wrapper.application; includeInIndex = 0; path = InstrumentsML.app; sourceTree = BUILT_PRODUCTS_DIR; };
		EA8BCD5A26559C8900B9EBCD /* InstrumentsMLApp.swift */ = {isa = PBXFileReference; lastKnownFileType = sourcecode.swift; path = InstrumentsMLApp.swift; sourceTree = "<group>"; };
		EA8BCD5C26559C8900B9EBCD /* ContentView.swift */ = {isa = PBXFileReference; lastKnownFileType = sourcecode.swift; path = ContentView.swift; sourceTree = "<group>"; };
		EA8BCD5E26559C8900B9EBCD /* Assets.xcassets */ = {isa = PBXFileReference; lastKnownFileType = folder.assetcatalog; path = Assets.xcassets; sourceTree = "<group>"; };
		EA8BCD6126559C8900B9EBCD /* Preview Assets.xcassets */ = {isa = PBXFileReference; lastKnownFileType = folder.assetcatalog; path = "Preview Assets.xcassets"; sourceTree = "<group>"; };
		EA8BCD6326559C8900B9EBCD /* Info.plist */ = {isa = PBXFileReference; lastKnownFileType = text.plist.xml; path = Info.plist; sourceTree = "<group>"; };
		EA8BCD6826559C8A00B9EBCD /* InstrumentsMLTests.xctest */ = {isa = PBXFileReference; explicitFileType = wrapper.cfbundle; includeInIndex = 0; path = InstrumentsMLTests.xctest; sourceTree = BUILT_PRODUCTS_DIR; };
		EA8BCD6C26559C8A00B9EBCD /* InstrumentsMLTests.swift */ = {isa = PBXFileReference; lastKnownFileType = sourcecode.swift; path = InstrumentsMLTests.swift; sourceTree = "<group>"; };
		EA8BCD6E26559C8A00B9EBCD /* Info.plist */ = {isa = PBXFileReference; lastKnownFileType = text.plist.xml; path = Info.plist; sourceTree = "<group>"; };
		EA8BCD7326559C8A00B9EBCD /* InstrumentsMLUITests.xctest */ = {isa = PBXFileReference; explicitFileType = wrapper.cfbundle; includeInIndex = 0; path = InstrumentsMLUITests.xctest; sourceTree = BUILT_PRODUCTS_DIR; };
		EA8BCD7726559C8A00B9EBCD /* InstrumentsMLUITests.swift */ = {isa = PBXFileReference; lastKnownFileType = sourcecode.swift; path = InstrumentsMLUITests.swift; sourceTree = "<group>"; };
		EA8BCD7926559C8A00B9EBCD /* Info.plist */ = {isa = PBXFileReference; lastKnownFileType = text.plist.xml; path = Info.plist; sourceTree = "<group>"; };
/* End PBXFileReference section */

/* Begin PBXFrameworksBuildPhase section */
		EA8BCD5426559C8900B9EBCD /* Frameworks */ = {
			isa = PBXFrameworksBuildPhase;
			buildActionMask = 2147483647;
			files = (
				EA8BCD872657091A00B9EBCD /* ImagePickerView in Frameworks */,
			);
			runOnlyForDeploymentPostprocessing = 0;
		};
		EA8BCD6526559C8A00B9EBCD /* Frameworks */ = {
			isa = PBXFrameworksBuildPhase;
			buildActionMask = 2147483647;
			files = (
			);
			runOnlyForDeploymentPostprocessing = 0;
		};
		EA8BCD7026559C8A00B9EBCD /* Frameworks */ = {
			isa = PBXFrameworksBuildPhase;
			buildActionMask = 2147483647;
			files = (
			);
			runOnlyForDeploymentPostprocessing = 0;
		};
/* End PBXFrameworksBuildPhase section */

/* Begin PBXGroup section */
		EA8BCD4E26559C8900B9EBCD = {
			isa = PBXGroup;
			children = (
				EA8BCD5926559C8900B9EBCD /* InstrumentsML */,
				EA8BCD6B26559C8A00B9EBCD /* InstrumentsMLTests */,
				EA8BCD7626559C8A00B9EBCD /* InstrumentsMLUITests */,
				EA8BCD5826559C8900B9EBCD /* Products */,
			);
			sourceTree = "<group>";
		};
		EA8BCD5826559C8900B9EBCD /* Products */ = {
			isa = PBXGroup;
			children = (
				EA8BCD5726559C8900B9EBCD /* InstrumentsML.app */,
				EA8BCD6826559C8A00B9EBCD /* InstrumentsMLTests.xctest */,
				EA8BCD7326559C8A00B9EBCD /* InstrumentsMLUITests.xctest */,
			);
			name = Products;
			sourceTree = "<group>";
		};
		EA8BCD5926559C8900B9EBCD /* InstrumentsML */ = {
			isa = PBXGroup;
			children = (
				EA8BCD5A26559C8900B9EBCD /* InstrumentsMLApp.swift */,
				EA8BCD5C26559C8900B9EBCD /* ContentView.swift */,
				EA8BCD5E26559C8900B9EBCD /* Assets.xcassets */,
				EA8BCD6326559C8900B9EBCD /* Info.plist */,
				EA8BCD6026559C8900B9EBCD /* Preview Content */,
			);
			path = InstrumentsML;
			sourceTree = "<group>";
		};
		EA8BCD6026559C8900B9EBCD /* Preview Content */ = {
			isa = PBXGroup;
			children = (
				EA8BCD6126559C8900B9EBCD /* Preview Assets.xcassets */,
			);
			path = "Preview Content";
			sourceTree = "<group>";
		};
		EA8BCD6B26559C8A00B9EBCD /* InstrumentsMLTests */ = {
			isa = PBXGroup;
			children = (
				EA8BCD6C26559C8A00B9EBCD /* InstrumentsMLTests.swift */,
				EA8BCD6E26559C8A00B9EBCD /* Info.plist */,
			);
			path = InstrumentsMLTests;
			sourceTree = "<group>";
		};
		EA8BCD7626559C8A00B9EBCD /* InstrumentsMLUITests */ = {
			isa = PBXGroup;
			children = (
				EA8BCD7726559C8A00B9EBCD /* InstrumentsMLUITests.swift */,
				EA8BCD7926559C8A00B9EBCD /* Info.plist */,
			);
			path = InstrumentsMLUITests;
			sourceTree = "<group>";
		};
/* End PBXGroup section */

/* Begin PBXNativeTarget section */
		EA8BCD5626559C8900B9EBCD /* InstrumentsML */ = {
			isa = PBXNativeTarget;
			buildConfigurationList = EA8BCD7C26559C8A00B9EBCD /* Build configuration list for PBXNativeTarget "InstrumentsML" */;
			buildPhases = (
				EA8BCD5326559C8900B9EBCD /* Sources */,
				EA8BCD5426559C8900B9EBCD /* Frameworks */,
				EA8BCD5526559C8900B9EBCD /* Resources */,
			);
			buildRules = (
			);
			dependencies = (
			);
			name = InstrumentsML;
			packageProductDependencies = (
				EA8BCD862657091A00B9EBCD /* ImagePickerView */,
			);
			productName = InstrumentsML;
			productReference = EA8BCD5726559C8900B9EBCD /* InstrumentsML.app */;
			productType = "com.apple.product-type.application";
		};
		EA8BCD6726559C8A00B9EBCD /* InstrumentsMLTests */ = {
			isa = PBXNativeTarget;
			buildConfigurationList = EA8BCD7F26559C8A00B9EBCD /* Build configuration list for PBXNativeTarget "InstrumentsMLTests" */;
			buildPhases = (
				EA8BCD6426559C8A00B9EBCD /* Sources */,
				EA8BCD6526559C8A00B9EBCD /* Frameworks */,
				EA8BCD6626559C8A00B9EBCD /* Resources */,
			);
			buildRules = (
			);
			dependencies = (
				EA8BCD6A26559C8A00B9EBCD /* PBXTargetDependency */,
			);
			name = InstrumentsMLTests;
			productName = InstrumentsMLTests;
			productReference = EA8BCD6826559C8A00B9EBCD /* InstrumentsMLTests.xctest */;
			productType = "com.apple.product-type.bundle.unit-test";
		};
		EA8BCD7226559C8A00B9EBCD /* InstrumentsMLUITests */ = {
			isa = PBXNativeTarget;
			buildConfigurationList = EA8BCD8226559C8A00B9EBCD /* Build configuration list for PBXNativeTarget "InstrumentsMLUITests" */;
			buildPhases = (
				EA8BCD6F26559C8A00B9EBCD /* Sources */,
				EA8BCD7026559C8A00B9EBCD /* Frameworks */,
				EA8BCD7126559C8A00B9EBCD /* Resources */,
			);
			buildRules = (
			);
			dependencies = (
				EA8BCD7526559C8A00B9EBCD /* PBXTargetDependency */,
			);
			name = InstrumentsMLUITests;
			productName = InstrumentsMLUITests;
			productReference = EA8BCD7326559C8A00B9EBCD /* InstrumentsMLUITests.xctest */;
			productType = "com.apple.product-type.bundle.ui-testing";
		};
/* End PBXNativeTarget section */

/* Begin PBXProject section */
		EA8BCD4F26559C8900B9EBCD /* Project object */ = {
			isa = PBXProject;
			attributes = {
				LastSwiftUpdateCheck = 1250;
				LastUpgradeCheck = 1250;
				TargetAttributes = {
					EA8BCD5626559C8900B9EBCD = {
						CreatedOnToolsVersion = 12.5;
					};
					EA8BCD6726559C8A00B9EBCD = {
						CreatedOnToolsVersion = 12.5;
						TestTargetID = EA8BCD5626559C8900B9EBCD;
					};
					EA8BCD7226559C8A00B9EBCD = {
						CreatedOnToolsVersion = 12.5;
						TestTargetID = EA8BCD5626559C8900B9EBCD;
					};
				};
			};
			buildConfigurationList = EA8BCD5226559C8900B9EBCD /* Build configuration list for PBXProject "InstrumentsML" */;
			compatibilityVersion = "Xcode 9.3";
			developmentRegion = en;
			hasScannedForEncodings = 0;
			knownRegions = (
				en,
				Base,
			);
			mainGroup = EA8BCD4E26559C8900B9EBCD;
			packageReferences = (
				EA8BCD852657091A00B9EBCD /* XCRemoteSwiftPackageReference "ImagePickerView" */,
			);
			productRefGroup = EA8BCD5826559C8900B9EBCD /* Products */;
			projectDirPath = "";
			projectRoot = "";
			targets = (
				EA8BCD5626559C8900B9EBCD /* InstrumentsML */,
				EA8BCD6726559C8A00B9EBCD /* InstrumentsMLTests */,
				EA8BCD7226559C8A00B9EBCD /* InstrumentsMLUITests */,
			);
		};
/* End PBXProject section */

/* Begin PBXResourcesBuildPhase section */
		EA8BCD5526559C8900B9EBCD /* Resources */ = {
			isa = PBXResourcesBuildPhase;
			buildActionMask = 2147483647;
			files = (
				EA8BCD6226559C8900B9EBCD /* Preview Assets.xcassets in Resources */,
				EA8BCD5F26559C8900B9EBCD /* Assets.xcassets in Resources */,
			);
			runOnlyForDeploymentPostprocessing = 0;
		};
		EA8BCD6626559C8A00B9EBCD /* Resources */ = {
			isa = PBXResourcesBuildPhase;
			buildActionMask = 2147483647;
			files = (
			);
			runOnlyForDeploymentPostprocessing = 0;
		};
		EA8BCD7126559C8A00B9EBCD /* Resources */ = {
			isa = PBXResourcesBuildPhase;
			buildActionMask = 2147483647;
			files = (
			);
			runOnlyForDeploymentPostprocessing = 0;
		};
/* End PBXResourcesBuildPhase section */

/* Begin PBXSourcesBuildPhase section */
		EA8BCD5326559C8900B9EBCD /* Sources */ = {
			isa = PBXSourcesBuildPhase;
			buildActionMask = 2147483647;
			files = (
				EA8BCD5D26559C8900B9EBCD /* ContentView.swift in Sources */,
				EA8BCD5B26559C8900B9EBCD /* InstrumentsMLApp.swift in Sources */,
			);
			runOnlyForDeploymentPostprocessing = 0;
		};
		EA8BCD6426559C8A00B9EBCD /* Sources */ = {
			isa = PBXSourcesBuildPhase;
			buildActionMask = 2147483647;
			files = (
				EA8BCD6D26559C8A00B9EBCD /* InstrumentsMLTests.swift in Sources */,
			);
			runOnlyForDeploymentPostprocessing = 0;
		};
		EA8BCD6F26559C8A00B9EBCD /* Sources */ = {
			isa = PBXSourcesBuildPhase;
			buildActionMask = 2147483647;
			files = (
				EA8BCD7826559C8A00B9EBCD /* InstrumentsMLUITests.swift in Sources */,
			);
			runOnlyForDeploymentPostprocessing = 0;
		};
/* End PBXSourcesBuildPhase section */

/* Begin PBXTargetDependency section */
		EA8BCD6A26559C8A00B9EBCD /* PBXTargetDependency */ = {
			isa = PBXTargetDependency;
			target = EA8BCD5626559C8900B9EBCD /* InstrumentsML */;
			targetProxy = EA8BCD6926559C8A00B9EBCD /* PBXContainerItemProxy */;
		};
		EA8BCD7526559C8A00B9EBCD /* PBXTargetDependency */ = {
			isa = PBXTargetDependency;
			target = EA8BCD5626559C8900B9EBCD /* InstrumentsML */;
			targetProxy = EA8BCD7426559C8A00B9EBCD /* PBXContainerItemProxy */;
		};
/* End PBXTargetDependency section */

/* Begin XCBuildConfiguration section */
		EA8BCD7A26559C8A00B9EBCD /* Debug */ = {
			isa = XCBuildConfiguration;
			buildSettings = {
				ALWAYS_SEARCH_USER_PATHS = NO;
				CLANG_ANALYZER_NONNULL = YES;
				CLANG_ANALYZER_NUMBER_OBJECT_CONVERSION = YES_AGGRESSIVE;
				CLANG_CXX_LANGUAGE_STANDARD = "gnu++14";
				CLANG_CXX_LIBRARY = "libc++";
				CLANG_ENABLE_MODULES = YES;
				CLANG_ENABLE_OBJC_ARC = YES;
				CLANG_ENABLE_OBJC_WEAK = YES;
				CLANG_WARN_BLOCK_CAPTURE_AUTORELEASING = YES;
				CLANG_WARN_BOOL_CONVERSION = YES;
				CLANG_WARN_COMMA = YES;
				CLANG_WARN_CONSTANT_CONVERSION = YES;
				CLANG_WARN_DEPRECATED_OBJC_IMPLEMENTATIONS = YES;
				CLANG_WARN_DIRECT_OBJC_ISA_USAGE = YES_ERROR;
				CLANG_WARN_DOCUMENTATION_COMMENTS = YES;
				CLANG_WARN_EMPTY_BODY = YES;
				CLANG_WARN_ENUM_CONVERSION = YES;
				CLANG_WARN_INFINITE_RECURSION = YES;
				CLANG_WARN_INT_CONVERSION = YES;
				CLANG_WARN_NON_LITERAL_NULL_CONVERSION = YES;
				CLANG_WARN_OBJC_IMPLICIT_RETAIN_SELF = YES;
				CLANG_WARN_OBJC_LITERAL_CONVERSION = YES;
				CLANG_WARN_OBJC_ROOT_CLASS = YES_ERROR;
				CLANG_WARN_QUOTED_INCLUDE_IN_FRAMEWORK_HEADER = YES;
				CLANG_WARN_RANGE_LOOP_ANALYSIS = YES;
				CLANG_WARN_STRICT_PROTOTYPES = YES;
				CLANG_WARN_SUSPICIOUS_MOVE = YES;
				CLANG_WARN_UNGUARDED_AVAILABILITY = YES_AGGRESSIVE;
				CLANG_WARN_UNREACHABLE_CODE = YES;
				CLANG_WARN__DUPLICATE_METHOD_MATCH = YES;
				COPY_PHASE_STRIP = NO;
				DEBUG_INFORMATION_FORMAT = dwarf;
				ENABLE_STRICT_OBJC_MSGSEND = YES;
				ENABLE_TESTABILITY = YES;
				GCC_C_LANGUAGE_STANDARD = gnu11;
				GCC_DYNAMIC_NO_PIC = NO;
				GCC_NO_COMMON_BLOCKS = YES;
				GCC_OPTIMIZATION_LEVEL = 0;
				GCC_PREPROCESSOR_DEFINITIONS = (
					"DEBUG=1",
					"$(inherited)",
				);
				GCC_WARN_64_TO_32_BIT_CONVERSION = YES;
				GCC_WARN_ABOUT_RETURN_TYPE = YES_ERROR;
				GCC_WARN_UNDECLARED_SELECTOR = YES;
				GCC_WARN_UNINITIALIZED_AUTOS = YES_AGGRESSIVE;
				GCC_WARN_UNUSED_FUNCTION = YES;
				GCC_WARN_UNUSED_VARIABLE = YES;
				IPHONEOS_DEPLOYMENT_TARGET = 14.5;
				MTL_ENABLE_DEBUG_INFO = INCLUDE_SOURCE;
				MTL_FAST_MATH = YES;
				ONLY_ACTIVE_ARCH = YES;
				SDKROOT = iphoneos;
				SWIFT_ACTIVE_COMPILATION_CONDITIONS = DEBUG;
				SWIFT_OPTIMIZATION_LEVEL = "-Onone";
			};
			name = Debug;
		};
		EA8BCD7B26559C8A00B9EBCD /* Release */ = {
			isa = XCBuildConfiguration;
			buildSettings = {
				ALWAYS_SEARCH_USER_PATHS = NO;
				CLANG_ANALYZER_NONNULL = YES;
				CLANG_ANALYZER_NUMBER_OBJECT_CONVERSION = YES_AGGRESSIVE;
				CLANG_CXX_LANGUAGE_STANDARD = "gnu++14";
				CLANG_CXX_LIBRARY = "libc++";
				CLANG_ENABLE_MODULES = YES;
				CLANG_ENABLE_OBJC_ARC = YES;
				CLANG_ENABLE_OBJC_WEAK = YES;
				CLANG_WARN_BLOCK_CAPTURE_AUTORELEASING = YES;
				CLANG_WARN_BOOL_CONVERSION = YES;
				CLANG_WARN_COMMA = YES;
				CLANG_WARN_CONSTANT_CONVERSION = YES;
				CLANG_WARN_DEPRECATED_OBJC_IMPLEMENTATIONS = YES;
				CLANG_WARN_DIRECT_OBJC_ISA_USAGE = YES_ERROR;
				CLANG_WARN_DOCUMENTATION_COMMENTS = YES;
				CLANG_WARN_EMPTY_BODY = YES;
				CLANG_WARN_ENUM_CONVERSION = YES;
				CLANG_WARN_INFINITE_RECURSION = YES;
				CLANG_WARN_INT_CONVERSION = YES;
				CLANG_WARN_NON_LITERAL_NULL_CONVERSION = YES;
				CLANG_WARN_OBJC_IMPLICIT_RETAIN_SELF = YES;
				CLANG_WARN_OBJC_LITERAL_CONVERSION = YES;
				CLANG_WARN_OBJC_ROOT_CLASS = YES_ERROR;
				CLANG_WARN_QUOTED_INCLUDE_IN_FRAMEWORK_HEADER = YES;
				CLANG_WARN_RANGE_LOOP_ANALYSIS = YES;
				CLANG_WARN_STRICT_PROTOTYPES = YES;
				CLANG_WARN_SUSPICIOUS_MOVE = YES;
				CLANG_WARN_UNGUARDED_AVAILABILITY = YES_AGGRESSIVE;
				CLANG_WARN_UNREACHABLE_CODE = YES;
				CLANG_WARN__DUPLICATE_METHOD_MATCH = YES;
				COPY_PHASE_STRIP = NO;
				DEBUG_INFORMATION_FORMAT = "dwarf-with-dsym";
				ENABLE_NS_ASSERTIONS = NO;
				ENABLE_STRICT_OBJC_MSGSEND = YES;
				GCC_C_LANGUAGE_STANDARD = gnu11;
				GCC_NO_COMMON_BLOCKS = YES;
				GCC_WARN_64_TO_32_BIT_CONVERSION = YES;
				GCC_WARN_ABOUT_RETURN_TYPE = YES_ERROR;
				GCC_WARN_UNDECLARED_SELECTOR = YES;
				GCC_WARN_UNINITIALIZED_AUTOS = YES_AGGRESSIVE;
				GCC_WARN_UNUSED_FUNCTION = YES;
				GCC_WARN_UNUSED_VARIABLE = YES;
				IPHONEOS_DEPLOYMENT_TARGET = 14.5;
				MTL_ENABLE_DEBUG_INFO = NO;
				MTL_FAST_MATH = YES;
				SDKROOT = iphoneos;
				SWIFT_COMPILATION_MODE = wholemodule;
				SWIFT_OPTIMIZATION_LEVEL = "-O";
				VALIDATE_PRODUCT = YES;
			};
			name = Release;
		};
		EA8BCD7D26559C8A00B9EBCD /* Debug */ = {
			isa = XCBuildConfiguration;
			buildSettings = {
				ASSETCATALOG_COMPILER_APPICON_NAME = AppIcon;
				ASSETCATALOG_COMPILER_GLOBAL_ACCENT_COLOR_NAME = AccentColor;
				CODE_SIGN_STYLE = Automatic;
				DEVELOPMENT_ASSET_PATHS = "\"InstrumentsML/Preview Content\"";
				DEVELOPMENT_TEAM = 8F6Z4VKPC5;
				ENABLE_PREVIEWS = YES;
				INFOPLIST_FILE = InstrumentsML/Info.plist;
				IPHONEOS_DEPLOYMENT_TARGET = 14.0;
				LD_RUNPATH_SEARCH_PATHS = (
					"$(inherited)",
					"@executable_path/Frameworks",
				);
				PRODUCT_BUNDLE_IDENTIFIER = com.redfox.InstrumentsML;
				PRODUCT_NAME = "$(TARGET_NAME)";
				SWIFT_VERSION = 5.0;
				TARGETED_DEVICE_FAMILY = "1,2";
			};
			name = Debug;
		};
		EA8BCD7E26559C8A00B9EBCD /* Release */ = {
			isa = XCBuildConfiguration;
			buildSettings = {
				ASSETCATALOG_COMPILER_APPICON_NAME = AppIcon;
				ASSETCATALOG_COMPILER_GLOBAL_ACCENT_COLOR_NAME = AccentColor;
				CODE_SIGN_STYLE = Automatic;
				DEVELOPMENT_ASSET_PATHS = "\"InstrumentsML/Preview Content\"";
				DEVELOPMENT_TEAM = 8F6Z4VKPC5;
				ENABLE_PREVIEWS = YES;
				INFOPLIST_FILE = InstrumentsML/Info.plist;
				IPHONEOS_DEPLOYMENT_TARGET = 14.0;
				LD_RUNPATH_SEARCH_PATHS = (
					"$(inherited)",
					"@executable_path/Frameworks",
				);
				PRODUCT_BUNDLE_IDENTIFIER = com.redfox.InstrumentsML;
				PRODUCT_NAME = "$(TARGET_NAME)";
				SWIFT_VERSION = 5.0;
				TARGETED_DEVICE_FAMILY = "1,2";
			};
			name = Release;
		};
		EA8BCD8026559C8A00B9EBCD /* Debug */ = {
			isa = XCBuildConfiguration;
			buildSettings = {
				ALWAYS_EMBED_SWIFT_STANDARD_LIBRARIES = YES;
				BUNDLE_LOADER = "$(TEST_HOST)";
				CODE_SIGN_STYLE = Automatic;
				DEVELOPMENT_TEAM = 8F6Z4VKPC5;
				INFOPLIST_FILE = InstrumentsMLTests/Info.plist;
				IPHONEOS_DEPLOYMENT_TARGET = 14.0;
				LD_RUNPATH_SEARCH_PATHS = (
					"$(inherited)",
					"@executable_path/Frameworks",
					"@loader_path/Frameworks",
				);
				PRODUCT_BUNDLE_IDENTIFIER = com.redfox.InstrumentsMLTests;
				PRODUCT_NAME = "$(TARGET_NAME)";
				SWIFT_VERSION = 5.0;
				TARGETED_DEVICE_FAMILY = "1,2";
				TEST_HOST = "$(BUILT_PRODUCTS_DIR)/InstrumentsML.app/InstrumentsML";
			};
			name = Debug;
		};
		EA8BCD8126559C8A00B9EBCD /* Release */ = {
			isa = XCBuildConfiguration;
			buildSettings = {
				ALWAYS_EMBED_SWIFT_STANDARD_LIBRARIES = YES;
				BUNDLE_LOADER = "$(TEST_HOST)";
				CODE_SIGN_STYLE = Automatic;
				DEVELOPMENT_TEAM = 8F6Z4VKPC5;
				INFOPLIST_FILE = InstrumentsMLTests/Info.plist;
				IPHONEOS_DEPLOYMENT_TARGET = 14.0;
				LD_RUNPATH_SEARCH_PATHS = (
					"$(inherited)",
					"@executable_path/Frameworks",
					"@loader_path/Frameworks",
				);
				PRODUCT_BUNDLE_IDENTIFIER = com.redfox.InstrumentsMLTests;
				PRODUCT_NAME = "$(TARGET_NAME)";
				SWIFT_VERSION = 5.0;
				TARGETED_DEVICE_FAMILY = "1,2";
				TEST_HOST = "$(BUILT_PRODUCTS_DIR)/InstrumentsML.app/InstrumentsML";
			};
			name = Release;
		};
		EA8BCD8326559C8A00B9EBCD /* Debug */ = {
			isa = XCBuildConfiguration;
			buildSettings = {
				ALWAYS_EMBED_SWIFT_STANDARD_LIBRARIES = YES;
				CODE_SIGN_STYLE = Automatic;
				DEVELOPMENT_TEAM = 8F6Z4VKPC5;
				INFOPLIST_FILE = InstrumentsMLUITests/Info.plist;
				LD_RUNPATH_SEARCH_PATHS = (
					"$(inherited)",
					"@executable_path/Frameworks",
					"@loader_path/Frameworks",
				);
				PRODUCT_BUNDLE_IDENTIFIER = com.redfox.InstrumentsMLUITests;
				PRODUCT_NAME = "$(TARGET_NAME)";
				SWIFT_VERSION = 5.0;
				TARGETED_DEVICE_FAMILY = "1,2";
				TEST_TARGET_NAME = InstrumentsML;
			};
			name = Debug;
		};
		EA8BCD8426559C8A00B9EBCD /* Release */ = {
			isa = XCBuildConfiguration;
			buildSettings = {
				ALWAYS_EMBED_SWIFT_STANDARD_LIBRARIES = YES;
				CODE_SIGN_STYLE = Automatic;
				DEVELOPMENT_TEAM = 8F6Z4VKPC5;
				INFOPLIST_FILE = InstrumentsMLUITests/Info.plist;
				LD_RUNPATH_SEARCH_PATHS = (
					"$(inherited)",
					"@executable_path/Frameworks",
					"@loader_path/Frameworks",
				);
				PRODUCT_BUNDLE_IDENTIFIER = com.redfox.InstrumentsMLUITests;
				PRODUCT_NAME = "$(TARGET_NAME)";
				SWIFT_VERSION = 5.0;
				TARGETED_DEVICE_FAMILY = "1,2";
				TEST_TARGET_NAME = InstrumentsML;
			};
			name = Release;
		};
/* End XCBuildConfiguration section */

/* Begin XCConfigurationList section */
		EA8BCD5226559C8900B9EBCD /* Build configuration list for PBXProject "InstrumentsML" */ = {
			isa = XCConfigurationList;
			buildConfigurations = (
				EA8BCD7A26559C8A00B9EBCD /* Debug */,
				EA8BCD7B26559C8A00B9EBCD /* Release */,
			);
			defaultConfigurationIsVisible = 0;
			defaultConfigurationName = Release;
		};
		EA8BCD7C26559C8A00B9EBCD /* Build configuration list for PBXNativeTarget "InstrumentsML" */ = {
			isa = XCConfigurationList;
			buildConfigurations = (
				EA8BCD7D26559C8A00B9EBCD /* Debug */,
				EA8BCD7E26559C8A00B9EBCD /* Release */,
			);
			defaultConfigurationIsVisible = 0;
			defaultConfigurationName = Release;
		};
		EA8BCD7F26559C8A00B9EBCD /* Build configuration list for PBXNativeTarget "InstrumentsMLTests" */ = {
			isa = XCConfigurationList;
			buildConfigurations = (
				EA8BCD8026559C8A00B9EBCD /* Debug */,
				EA8BCD8126559C8A00B9EBCD /* Release */,
			);
			defaultConfigurationIsVisible = 0;
			defaultConfigurationName = Release;
		};
		EA8BCD8226559C8A00B9EBCD /* Build configuration list for PBXNativeTarget "InstrumentsMLUITests" */ = {
			isa = XCConfigurationList;
			buildConfigurations = (
				EA8BCD8326559C8A00B9EBCD /* Debug */,
				EA8BCD8426559C8A00B9EBCD /* Release */,
			);
			defaultConfigurationIsVisible = 0;
			defaultConfigurationName = Release;
		};
/* End XCConfigurationList section */

/* Begin XCRemoteSwiftPackageReference section */
		EA8BCD852657091A00B9EBCD /* XCRemoteSwiftPackageReference "ImagePickerView" */ = {
			isa = XCRemoteSwiftPackageReference;
			repositoryURL = "https://github.com/ralfebert/ImagePickerView.git";
			requirement = {
				branch = master;
				kind = branch;
			};
		};
/* End XCRemoteSwiftPackageReference section */

/* Begin XCSwiftPackageProductDependency section */
		EA8BCD862657091A00B9EBCD /* ImagePickerView */ = {
			isa = XCSwiftPackageProductDependency;
			package = EA8BCD852657091A00B9EBCD /* XCRemoteSwiftPackageReference "ImagePickerView" */;
			productName = ImagePickerView;
		};
/* End XCSwiftPackageProductDependency section */
	};
	rootObject = EA8BCD4F26559C8900B9EBCD /* Project object */;
}
